
Microsoft Visual Studio Solution File, Format Version 12.00
# Visual Studio Version 17
VisualStudioVersion = 17.6.33815.320
MinimumVisualStudioVersion = 10.0.40219.1
Project("{FAE04EC0-301F-11D3-BF4B-00C04F79EFBC}") = "Beckend", "Beckend\Beckend.csproj", "{555A13F3-62D1-4B95-973B-68BFD887D514}"
EndProject
Global
	GlobalSection(SolutionConfigurationPlatforms) = preSolution
		Debug|Any CPU = Debug|Any CPU
		Release|Any CPU = Release|Any CPU
	EndGlobalSection
	GlobalSection(ProjectConfigurationPlatforms) = postSolution
		{555A13F3-62D1-4B95-973B-68BFD887D514}.Debug|Any CPU.ActiveCfg = Debug|Any CPU
		{555A13F3-62D1-4B95-973B-68BFD887D514}.Debug|Any CPU.Build.0 = Debug|Any CPU
		{555A13F3-62D1-4B95-973B-68BFD887D514}.Release|Any CPU.ActiveCfg = Release|Any CPU
		{555A13F3-62D1-4B95-973B-68BFD887D514}.Release|Any CPU.Build.0 = Release|Any CPU
	EndGlobalSection
	GlobalSection(SolutionProperties) = preSolution
		HideSolutionNode = FALSE
	EndGlobalSection
	GlobalSection(ExtensibilityGlobals) = postSolution
		SolutionGuid = {E09E6B8E-6A47-4A58-957F-4226A3DA955D}
	EndGlobalSection
EndGlobal
