
Microsoft Visual Studio Solution File, Format Version 12.00
# Visual Studio Version 17
VisualStudioVersion = 17.6.33815.320
MinimumVisualStudioVersion = 10.0.40219.1
Project("{9A19103F-16F7-4668-BE54-9A1E7A4F7556}") = "Beckend", "Beckend\Beckend.csproj", "{555A13F3-62D1-4B95-973B-68BFD887D514}"
EndProject
Project("{FAE04EC0-301F-11D3-BF4B-00C04F79EFBC}") = "Beckend.Common", "Beckend.Common\Beckend.Common.csproj", "{A80011CC-BD40-4A26-B59E-09EFBE293F05}"
EndProject
Project("{FAE04EC0-301F-11D3-BF4B-00C04F79EFBC}") = "Beckend.BAL", "Beckend.BAL\Beckend.BAL.csproj", "{7E1F4D36-8E53-46CD-B468-AB09F135B7CD}"
EndProject
Project("{FAE04EC0-301F-11D3-BF4B-00C04F79EFBC}") = "Beckend.DAL", "Beckend.DAL\Beckend.DAL.csproj", "{3773A3B6-CC94-40D4-937C-F0A1E7C5A3AF}"
EndProject
Global
	GlobalSection(SolutionConfigurationPlatforms) = preSolution
		Debug|Any CPU = Debug|Any CPU
		Release|Any CPU = Release|Any CPU
	EndGlobalSection
	GlobalSection(ProjectConfigurationPlatforms) = postSolution
		{555A13F3-62D1-4B95-973B-68BFD887D514}.Debug|Any CPU.ActiveCfg = Debug|Any CPU
		{555A13F3-62D1-4B95-973B-68BFD887D514}.Debug|Any CPU.Build.0 = Debug|Any CPU
		{555A13F3-62D1-4B95-973B-68BFD887D514}.Release|Any CPU.ActiveCfg = Release|Any CPU
		{555A13F3-62D1-4B95-973B-68BFD887D514}.Release|Any CPU.Build.0 = Release|Any CPU
		{A80011CC-BD40-4A26-B59E-09EFBE293F05}.Debug|Any CPU.ActiveCfg = Debug|Any CPU
		{A80011CC-BD40-4A26-B59E-09EFBE293F05}.Debug|Any CPU.Build.0 = Debug|Any CPU
		{A80011CC-BD40-4A26-B59E-09EFBE293F05}.Release|Any CPU.ActiveCfg = Release|Any CPU
		{A80011CC-BD40-4A26-B59E-09EFBE293F05}.Release|Any CPU.Build.0 = Release|Any CPU
		{7E1F4D36-8E53-46CD-B468-AB09F135B7CD}.Debug|Any CPU.ActiveCfg = Debug|Any CPU
		{7E1F4D36-8E53-46CD-B468-AB09F135B7CD}.Debug|Any CPU.Build.0 = Debug|Any CPU
		{7E1F4D36-8E53-46CD-B468-AB09F135B7CD}.Release|Any CPU.ActiveCfg = Release|Any CPU
		{7E1F4D36-8E53-46CD-B468-AB09F135B7CD}.Release|Any CPU.Build.0 = Release|Any CPU
		{3773A3B6-CC94-40D4-937C-F0A1E7C5A3AF}.Debug|Any CPU.ActiveCfg = Debug|Any CPU
		{3773A3B6-CC94-40D4-937C-F0A1E7C5A3AF}.Debug|Any CPU.Build.0 = Debug|Any CPU
		{3773A3B6-CC94-40D4-937C-F0A1E7C5A3AF}.Release|Any CPU.ActiveCfg = Release|Any CPU
		{3773A3B6-CC94-40D4-937C-F0A1E7C5A3AF}.Release|Any CPU.Build.0 = Release|Any CPU
	EndGlobalSection
	GlobalSection(SolutionProperties) = preSolution
		HideSolutionNode = FALSE
	EndGlobalSection
	GlobalSection(ExtensibilityGlobals) = postSolution
		SolutionGuid = {E09E6B8E-6A47-4A58-957F-4226A3DA955D}
	EndGlobalSection
EndGlobal
